
Microsoft Visual Studio Solution File, Format Version 12.00
# Visual Studio Version 16
VisualStudioVersion = 16.0.31624.102
MinimumVisualStudioVersion = 10.0.40219.1
Project("{9A19103F-16F7-4668-BE54-9A1E7A4F7556}") = "BrowserPicker", "BrowserPicker\BrowserPicker.csproj", "{FE3F7A75-A836-4FEF-B7C7-B2F747078E9F}"
EndProject
Project("{54435603-DBB4-11D2-8724-00A0C9A8B90C}") = "Setup", "Setup\Setup.vdproj", "{7A6085E5-9683-497F-8141-172356F17A34}"
EndProject
Global
	GlobalSection(SolutionConfigurationPlatforms) = preSolution
		Debug|Any CPU = Debug|Any CPU
		Release|Any CPU = Release|Any CPU
	EndGlobalSection
	GlobalSection(ProjectConfigurationPlatforms) = postSolution
		{FE3F7A75-A836-4FEF-B7C7-B2F747078E9F}.Debug|Any CPU.ActiveCfg = Debug|Any CPU
		{FE3F7A75-A836-4FEF-B7C7-B2F747078E9F}.Debug|Any CPU.Build.0 = Debug|Any CPU
		{FE3F7A75-A836-4FEF-B7C7-B2F747078E9F}.Release|Any CPU.ActiveCfg = Release|Any CPU
		{FE3F7A75-A836-4FEF-B7C7-B2F747078E9F}.Release|Any CPU.Build.0 = Release|Any CPU
		{7A6085E5-9683-497F-8141-172356F17A34}.Debug|Any CPU.ActiveCfg = Debug
		{7A6085E5-9683-497F-8141-172356F17A34}.Release|Any CPU.ActiveCfg = Release
	EndGlobalSection
	GlobalSection(SolutionProperties) = preSolution
		HideSolutionNode = FALSE
	EndGlobalSection
	GlobalSection(ExtensibilityGlobals) = postSolution
		SolutionGuid = {3D04831E-5824-46FF-863E-E68358E917A1}
	EndGlobalSection
EndGlobal
